# This file was autogenerated by Stack.
# You should not edit this file by hand.
# For more information, please see the documentation at:
#   https://docs.haskellstack.org/en/stable/lock_files

packages:
- completed:
    hackage: stm-2.4.5.1@sha256:58277444d1abca90ea947cd04a4a5d219eb5013cdba4178d168659b56294c3d8,2076
    pantry-tree:
      size: 898
      sha256: 6eb4e823293fc1f53459135269fb38d9926234ef589526e5ab57f9380aa4d29f
  original:
    hackage: stm-2.4.5.1@sha256:58277444d1abca90ea947cd04a4a5d219eb5013cdba4178d168659b56294c3d8,2076
snapshots:
- completed:
    size: 527836
    url: https://raw.githubusercontent.com/commercialhaskell/stackage-snapshots/master/lts/11/22.yaml
    sha256: 341870ac98d8a9f8f77c4adf2e9e0b22063e264a7fbeb4c85b7af5f380dac60e
  original: lts-11.22
